// !$*UTF8*$!
{
	archiveVersion = 1;
	classes = {
	};
	objectVersion = 55;
	objects = {

/* Begin PBXBuildFile section */
		1C11098027E26E3C002F6588 /* AppDelegate.swift in Sources */ = {isa = PBXBuildFile; fileRef = 1C11097F27E26E3C002F6588 /* AppDelegate.swift */; };
		1C11098227E26E3C002F6588 /* SceneDelegate.swift in Sources */ = {isa = PBXBuildFile; fileRef = 1C11098127E26E3C002F6588 /* SceneDelegate.swift */; };
		1C11098727E26E3C002F6588 /* Main.storyboard in Resources */ = {isa = PBXBuildFile; fileRef = 1C11098527E26E3C002F6588 /* Main.storyboard */; };
		1C11098927E26E49002F6588 /* Assets.xcassets in Resources */ = {isa = PBXBuildFile; fileRef = 1C11098827E26E49002F6588 /* Assets.xcassets */; };
		1C11098C27E26E49002F6588 /* LaunchScreen.storyboard in Resources */ = {isa = PBXBuildFile; fileRef = 1C11098A27E26E49002F6588 /* LaunchScreen.storyboard */; };
		1C11099727E26E99002F6588 /* PhotoViewController.swift in Sources */ = {isa = PBXBuildFile; fileRef = 1C11099327E26E98002F6588 /* PhotoViewController.swift */; };
		1C11099827E26E99002F6588 /* DownloadClient.swift in Sources */ = {isa = PBXBuildFile; fileRef = 1C11099427E26E98002F6588 /* DownloadClient.swift */; };
		1C11099927E26E99002F6588 /* Helpers.swift in Sources */ = {isa = PBXBuildFile; fileRef = 1C11099527E26E98002F6588 /* Helpers.swift */; };
		1C11099A27E26E99002F6588 /* PhotoCell.swift in Sources */ = {isa = PBXBuildFile; fileRef = 1C11099627E26E98002F6588 /* PhotoCell.swift */; };
		1C1109AC27E26F0E002F6588 /* DownloadClientTests.swift in Sources */ = {isa = PBXBuildFile; fileRef = 1C1109A927E26F0E002F6588 /* DownloadClientTests.swift */; };
		1C1109AD27E26F0E002F6588 /* PhotoViewControllerTests.swift in Sources */ = {isa = PBXBuildFile; fileRef = 1C1109AA27E26F0E002F6588 /* PhotoViewControllerTests.swift */; };
		1C1109AE27E26F0E002F6588 /* photolodeTests.swift in Sources */ = {isa = PBXBuildFile; fileRef = 1C1109AB27E26F0E002F6588 /* photolodeTests.swift */; };
/* End PBXBuildFile section */

/* Begin PBXContainerItemProxy section */
		1C1109A327E26EF7002F6588 /* PBXContainerItemProxy */ = {
			isa = PBXContainerItemProxy;
			containerPortal = 1C11097427E26E3C002F6588 /* Project object */;
			proxyType = 1;
			remoteGlobalIDString = 1C11097B27E26E3C002F6588;
			remoteInfo = PhotoDL;
		};
/* End PBXContainerItemProxy section */

/* Begin PBXFileReference section */
		1C11097C27E26E3C002F6588 /* PhotoDL.app */ = {isa = PBXFileReference; explicitFileType = wrapper.application; includeInIndex = 0; path = PhotoDL.app; sourceTree = BUILT_PRODUCTS_DIR; };
		1C11097F27E26E3C002F6588 /* AppDelegate.swift */ = {isa = PBXFileReference; lastKnownFileType = sourcecode.swift; path = AppDelegate.swift; sourceTree = "<group>"; };
		1C11098127E26E3C002F6588 /* SceneDelegate.swift */ = {isa = PBXFileReference; lastKnownFileType = sourcecode.swift; path = SceneDelegate.swift; sourceTree = "<group>"; };
		1C11098627E26E3C002F6588 /* Base */ = {isa = PBXFileReference; lastKnownFileType = file.storyboard; name = Base; path = Base.lproj/Main.storyboard; sourceTree = "<group>"; };
		1C11098827E26E49002F6588 /* Assets.xcassets */ = {isa = PBXFileReference; lastKnownFileType = folder.assetcatalog; path = Assets.xcassets; sourceTree = "<group>"; };
		1C11098B27E26E49002F6588 /* Base */ = {isa = PBXFileReference; lastKnownFileType = file.storyboard; name = Base; path = Base.lproj/LaunchScreen.storyboard; sourceTree = "<group>"; };
		1C11098D27E26E49002F6588 /* Info.plist */ = {isa = PBXFileReference; lastKnownFileType = text.plist.xml; path = Info.plist; sourceTree = "<group>"; };
		1C11099327E26E98002F6588 /* PhotoViewController.swift */ = {isa = PBXFileReference; fileEncoding = 4; lastKnownFileType = sourcecode.swift; path = PhotoViewController.swift; sourceTree = "<group>"; };
		1C11099427E26E98002F6588 /* DownloadClient.swift */ = {isa = PBXFileReference; fileEncoding = 4; lastKnownFileType = sourcecode.swift; path = DownloadClient.swift; sourceTree = "<group>"; };
		1C11099527E26E98002F6588 /* Helpers.swift */ = {isa = PBXFileReference; fileEncoding = 4; lastKnownFileType = sourcecode.swift; path = Helpers.swift; sourceTree = "<group>"; };
		1C11099627E26E98002F6588 /* PhotoCell.swift */ = {isa = PBXFileReference; fileEncoding = 4; lastKnownFileType = sourcecode.swift; path = PhotoCell.swift; sourceTree = "<group>"; };
		1C11099F27E26EF7002F6588 /* PhotoDLTests.xctest */ = {isa = PBXFileReference; explicitFileType = wrapper.cfbundle; includeInIndex = 0; path = PhotoDLTests.xctest; sourceTree = BUILT_PRODUCTS_DIR; };
		1C1109A827E26F0D002F6588 /* PhotoDLTests-Bridging-Header.h */ = {isa = PBXFileReference; lastKnownFileType = sourcecode.c.h; path = "PhotoDLTests-Bridging-Header.h"; sourceTree = "<group>"; };
		1C1109A927E26F0E002F6588 /* DownloadClientTests.swift */ = {isa = PBXFileReference; fileEncoding = 4; lastKnownFileType = sourcecode.swift; path = DownloadClientTests.swift; sourceTree = "<group>"; };
		1C1109AA27E26F0E002F6588 /* PhotoViewControllerTests.swift */ = {isa = PBXFileReference; fileEncoding = 4; lastKnownFileType = sourcecode.swift; path = PhotoViewControllerTests.swift; sourceTree = "<group>"; };
		1C1109AB27E26F0E002F6588 /* photolodeTests.swift */ = {isa = PBXFileReference; fileEncoding = 4; lastKnownFileType = sourcecode.swift; path = photolodeTests.swift; sourceTree = "<group>"; };
/* End PBXFileReference section */

/* Begin PBXFrameworksBuildPhase section */
		1C11097927E26E3C002F6588 /* Frameworks */ = {
			isa = PBXFrameworksBuildPhase;
			buildActionMask = 2147483647;
			files = (
			);
			runOnlyForDeploymentPostprocessing = 0;
		};
		1C11099C27E26EF7002F6588 /* Frameworks */ = {
			isa = PBXFrameworksBuildPhase;
			buildActionMask = 2147483647;
			files = (
			);
			runOnlyForDeploymentPostprocessing = 0;
		};
/* End PBXFrameworksBuildPhase section */

/* Begin PBXGroup section */
		1C11097327E26E3C002F6588 = {
			isa = PBXGroup;
			children = (
				1C11097E27E26E3C002F6588 /* PhotoDL */,
				1C1109A027E26EF7002F6588 /* PhotoDLTests */,
				1C11097D27E26E3C002F6588 /* Products */,
			);
			sourceTree = "<group>";
		};
		1C11097D27E26E3C002F6588 /* Products */ = {
			isa = PBXGroup;
			children = (
				1C11097C27E26E3C002F6588 /* PhotoDL.app */,
				1C11099F27E26EF7002F6588 /* PhotoDLTests.xctest */,
			);
			name = Products;
			sourceTree = "<group>";
		};
		1C11097E27E26E3C002F6588 /* PhotoDL */ = {
			isa = PBXGroup;
			children = (
				1C1109B127E26FC0002F6588 /* Controller */,
				1C1109B027E26FB6002F6588 /* Model */,
				1C1109AF27E26FAE002F6588 /* Helpers */,
				1C11097F27E26E3C002F6588 /* AppDelegate.swift */,
				1C11098127E26E3C002F6588 /* SceneDelegate.swift */,
				1C11098527E26E3C002F6588 /* Main.storyboard */,
				1C11098827E26E49002F6588 /* Assets.xcassets */,
				1C11098A27E26E49002F6588 /* LaunchScreen.storyboard */,
				1C11098D27E26E49002F6588 /* Info.plist */,
			);
			path = PhotoDL;
			sourceTree = "<group>";
		};
		1C1109A027E26EF7002F6588 /* PhotoDLTests */ = {
			isa = PBXGroup;
			children = (
				1C1109A927E26F0E002F6588 /* DownloadClientTests.swift */,
				1C1109AB27E26F0E002F6588 /* photolodeTests.swift */,
				1C1109AA27E26F0E002F6588 /* PhotoViewControllerTests.swift */,
				1C1109A827E26F0D002F6588 /* PhotoDLTests-Bridging-Header.h */,
			);
			path = PhotoDLTests;
			sourceTree = "<group>";
		};
		1C1109AF27E26FAE002F6588 /* Helpers */ = {
			isa = PBXGroup;
			children = (
				1C11099427E26E98002F6588 /* DownloadClient.swift */,
				1C11099527E26E98002F6588 /* Helpers.swift */,
			);
			path = Helpers;
			sourceTree = "<group>";
		};
		1C1109B027E26FB6002F6588 /* Model */ = {
			isa = PBXGroup;
			children = (
				1C11099627E26E98002F6588 /* PhotoCell.swift */,
			);
			path = Model;
			sourceTree = "<group>";
		};
		1C1109B127E26FC0002F6588 /* Controller */ = {
			isa = PBXGroup;
			children = (
				1C11099327E26E98002F6588 /* PhotoViewController.swift */,
			);
			path = Controller;
			sourceTree = "<group>";
		};
/* End PBXGroup section */

/* Begin PBXNativeTarget section */
		1C11097B27E26E3C002F6588 /* PhotoDL */ = {
			isa = PBXNativeTarget;
			buildConfigurationList = 1C11099027E26E49002F6588 /* Build configuration list for PBXNativeTarget "PhotoDL" */;
			buildPhases = (
				1C11097827E26E3C002F6588 /* Sources */,
				1C11097927E26E3C002F6588 /* Frameworks */,
				1C11097A27E26E3C002F6588 /* Resources */,
			);
			buildRules = (
			);
			dependencies = (
			);
			name = PhotoDL;
			productName = PhotoDL;
			productReference = 1C11097C27E26E3C002F6588 /* PhotoDL.app */;
			productType = "com.apple.product-type.application";
		};
		1C11099E27E26EF7002F6588 /* PhotoDLTests */ = {
			isa = PBXNativeTarget;
			buildConfigurationList = 1C1109A527E26EF7002F6588 /* Build configuration list for PBXNativeTarget "PhotoDLTests" */;
			buildPhases = (
				1C11099B27E26EF7002F6588 /* Sources */,
				1C11099C27E26EF7002F6588 /* Frameworks */,
				1C11099D27E26EF7002F6588 /* Resources */,
			);
			buildRules = (
			);
			dependencies = (
				1C1109A427E26EF7002F6588 /* PBXTargetDependency */,
			);
			name = PhotoDLTests;
			productName = PhotoDLTests;
			productReference = 1C11099F27E26EF7002F6588 /* PhotoDLTests.xctest */;
			productType = "com.apple.product-type.bundle.unit-test";
		};
/* End PBXNativeTarget section */

/* Begin PBXProject section */
		1C11097427E26E3C002F6588 /* Project object */ = {
			isa = PBXProject;
			attributes = {
				BuildIndependentTargetsInParallel = 1;
				LastSwiftUpdateCheck = 1300;
				LastUpgradeCheck = 1300;
				TargetAttributes = {
					1C11097B27E26E3C002F6588 = {
						CreatedOnToolsVersion = 13.0;
					};
					1C11099E27E26EF7002F6588 = {
						CreatedOnToolsVersion = 13.0;
						LastSwiftMigration = 1300;
						TestTargetID = 1C11097B27E26E3C002F6588;
					};
				};
			};
			buildConfigurationList = 1C11097727E26E3C002F6588 /* Build configuration list for PBXProject "PhotoDL" */;
			compatibilityVersion = "Xcode 13.0";
			developmentRegion = en;
			hasScannedForEncodings = 0;
			knownRegions = (
				en,
				Base,
			);
			mainGroup = 1C11097327E26E3C002F6588;
			productRefGroup = 1C11097D27E26E3C002F6588 /* Products */;
			projectDirPath = "";
			projectRoot = "";
			targets = (
				1C11097B27E26E3C002F6588 /* PhotoDL */,
				1C11099E27E26EF7002F6588 /* PhotoDLTests */,
			);
		};
/* End PBXProject section */

/* Begin PBXResourcesBuildPhase section */
		1C11097A27E26E3C002F6588 /* Resources */ = {
			isa = PBXResourcesBuildPhase;
			buildActionMask = 2147483647;
			files = (
				1C11098C27E26E49002F6588 /* LaunchScreen.storyboard in Resources */,
				1C11098927E26E49002F6588 /* Assets.xcassets in Resources */,
				1C11098727E26E3C002F6588 /* Main.storyboard in Resources */,
			);
			runOnlyForDeploymentPostprocessing = 0;
		};
		1C11099D27E26EF7002F6588 /* Resources */ = {
			isa = PBXResourcesBuildPhase;
			buildActionMask = 2147483647;
			files = (
			);
			runOnlyForDeploymentPostprocessing = 0;
		};
/* End PBXResourcesBuildPhase section */

/* Begin PBXSourcesBuildPhase section */
		1C11097827E26E3C002F6588 /* Sources */ = {
			isa = PBXSourcesBuildPhase;
			buildActionMask = 2147483647;
			files = (
				1C11099A27E26E99002F6588 /* PhotoCell.swift in Sources */,
				1C11099927E26E99002F6588 /* Helpers.swift in Sources */,
				1C11099727E26E99002F6588 /* PhotoViewController.swift in Sources */,
				1C11099827E26E99002F6588 /* DownloadClient.swift in Sources */,
				1C11098027E26E3C002F6588 /* AppDelegate.swift in Sources */,
				1C11098227E26E3C002F6588 /* SceneDelegate.swift in Sources */,
			);
			runOnlyForDeploymentPostprocessing = 0;
		};
		1C11099B27E26EF7002F6588 /* Sources */ = {
			isa = PBXSourcesBuildPhase;
			buildActionMask = 2147483647;
			files = (
				1C1109AE27E26F0E002F6588 /* photolodeTests.swift in Sources */,
				1C1109AC27E26F0E002F6588 /* DownloadClientTests.swift in Sources */,
				1C1109AD27E26F0E002F6588 /* PhotoViewControllerTests.swift in Sources */,
			);
			runOnlyForDeploymentPostprocessing = 0;
		};
/* End PBXSourcesBuildPhase section */

/* Begin PBXTargetDependency section */
		1C1109A427E26EF7002F6588 /* PBXTargetDependency */ = {
			isa = PBXTargetDependency;
			target = 1C11097B27E26E3C002F6588 /* PhotoDL */;
			targetProxy = 1C1109A327E26EF7002F6588 /* PBXContainerItemProxy */;
		};
/* End PBXTargetDependency section */

/* Begin PBXVariantGroup section */
		1C11098527E26E3C002F6588 /* Main.storyboard */ = {
			isa = PBXVariantGroup;
			children = (
				1C11098627E26E3C002F6588 /* Base */,
			);
			name = Main.storyboard;
			sourceTree = "<group>";
		};
		1C11098A27E26E49002F6588 /* LaunchScreen.storyboard */ = {
			isa = PBXVariantGroup;
			children = (
				1C11098B27E26E49002F6588 /* Base */,
			);
			name = LaunchScreen.storyboard;
			sourceTree = "<group>";
		};
/* End PBXVariantGroup section */

/* Begin XCBuildConfiguration section */
		1C11098E27E26E49002F6588 /* Debug */ = {
			isa = XCBuildConfiguration;
			buildSettings = {
				ALWAYS_SEARCH_USER_PATHS = NO;
				CLANG_ANALYZER_NONNULL = YES;
				CLANG_ANALYZER_NUMBER_OBJECT_CONVERSION = YES_AGGRESSIVE;
				CLANG_CXX_LANGUAGE_STANDARD = "gnu++17";
				CLANG_CXX_LIBRARY = "libc++";
				CLANG_ENABLE_MODULES = YES;
				CLANG_ENABLE_OBJC_ARC = YES;
				CLANG_ENABLE_OBJC_WEAK = YES;
				CLANG_WARN_BLOCK_CAPTURE_AUTORELEASING = YES;
				CLANG_WARN_BOOL_CONVERSION = YES;
				CLANG_WARN_COMMA = YES;
				CLANG_WARN_CONSTANT_CONVERSION = YES;
				CLANG_WARN_DEPRECATED_OBJC_IMPLEMENTATIONS = YES;
				CLANG_WARN_DIRECT_OBJC_ISA_USAGE = YES_ERROR;
				CLANG_WARN_DOCUMENTATION_COMMENTS = YES;
				CLANG_WARN_EMPTY_BODY = YES;
				CLANG_WARN_ENUM_CONVERSION = YES;
				CLANG_WARN_INFINITE_RECURSION = YES;
				CLANG_WARN_INT_CONVERSION = YES;
				CLANG_WARN_NON_LITERAL_NULL_CONVERSION = YES;
				CLANG_WARN_OBJC_IMPLICIT_RETAIN_SELF = YES;
				CLANG_WARN_OBJC_LITERAL_CONVERSION = YES;
				CLANG_WARN_OBJC_ROOT_CLASS = YES_ERROR;
				CLANG_WARN_QUOTED_INCLUDE_IN_FRAMEWORK_HEADER = YES;
				CLANG_WARN_RANGE_LOOP_ANALYSIS = YES;
				CLANG_WARN_STRICT_PROTOTYPES = YES;
				CLANG_WARN_SUSPICIOUS_MOVE = YES;
				CLANG_WARN_UNGUARDED_AVAILABILITY = YES_AGGRESSIVE;
				CLANG_WARN_UNREACHABLE_CODE = YES;
				CLANG_WARN__DUPLICATE_METHOD_MATCH = YES;
				COPY_PHASE_STRIP = NO;
				DEBUG_INFORMATION_FORMAT = dwarf;
				ENABLE_STRICT_OBJC_MSGSEND = YES;
				ENABLE_TESTABILITY = YES;
				GCC_C_LANGUAGE_STANDARD = gnu11;
				GCC_DYNAMIC_NO_PIC = NO;
				GCC_NO_COMMON_BLOCKS = YES;
				GCC_OPTIMIZATION_LEVEL = 0;
				GCC_PREPROCESSOR_DEFINITIONS = (
					"DEBUG=1",
					"$(inherited)",
				);
				GCC_WARN_64_TO_32_BIT_CONVERSION = YES;
				GCC_WARN_ABOUT_RETURN_TYPE = YES_ERROR;
				GCC_WARN_UNDECLARED_SELECTOR = YES;
				GCC_WARN_UNINITIALIZED_AUTOS = YES_AGGRESSIVE;
				GCC_WARN_UNUSED_FUNCTION = YES;
				GCC_WARN_UNUSED_VARIABLE = YES;
				IPHONEOS_DEPLOYMENT_TARGET = 15.0;
				MTL_ENABLE_DEBUG_INFO = INCLUDE_SOURCE;
				MTL_FAST_MATH = YES;
				ONLY_ACTIVE_ARCH = YES;
				SDKROOT = iphoneos;
				SWIFT_ACTIVE_COMPILATION_CONDITIONS = DEBUG;
				SWIFT_OPTIMIZATION_LEVEL = "-Onone";
			};
			name = Debug;
		};
		1C11098F27E26E49002F6588 /* Release */ = {
			isa = XCBuildConfiguration;
			buildSettings = {
				ALWAYS_SEARCH_USER_PATHS = NO;
				CLANG_ANALYZER_NONNULL = YES;
				CLANG_ANALYZER_NUMBER_OBJECT_CONVERSION = YES_AGGRESSIVE;
				CLANG_CXX_LANGUAGE_STANDARD = "gnu++17";
				CLANG_CXX_LIBRARY = "libc++";
				CLANG_ENABLE_MODULES = YES;
				CLANG_ENABLE_OBJC_ARC = YES;
				CLANG_ENABLE_OBJC_WEAK = YES;
				CLANG_WARN_BLOCK_CAPTURE_AUTORELEASING = YES;
				CLANG_WARN_BOOL_CONVERSION = YES;
				CLANG_WARN_COMMA = YES;
				CLANG_WARN_CONSTANT_CONVERSION = YES;
				CLANG_WARN_DEPRECATED_OBJC_IMPLEMENTATIONS = YES;
				CLANG_WARN_DIRECT_OBJC_ISA_USAGE = YES_ERROR;
				CLANG_WARN_DOCUMENTATION_COMMENTS = YES;
				CLANG_WARN_EMPTY_BODY = YES;
				CLANG_WARN_ENUM_CONVERSION = YES;
				CLANG_WARN_INFINITE_RECURSION = YES;
				CLANG_WARN_INT_CONVERSION = YES;
				CLANG_WARN_NON_LITERAL_NULL_CONVERSION = YES;
				CLANG_WARN_OBJC_IMPLICIT_RETAIN_SELF = YES;
				CLANG_WARN_OBJC_LITERAL_CONVERSION = YES;
				CLANG_WARN_OBJC_ROOT_CLASS = YES_ERROR;
				CLANG_WARN_QUOTED_INCLUDE_IN_FRAMEWORK_HEADER = YES;
				CLANG_WARN_RANGE_LOOP_ANALYSIS = YES;
				CLANG_WARN_STRICT_PROTOTYPES = YES;
				CLANG_WARN_SUSPICIOUS_MOVE = YES;
				CLANG_WARN_UNGUARDED_AVAILABILITY = YES_AGGRESSIVE;
				CLANG_WARN_UNREACHABLE_CODE = YES;
				CLANG_WARN__DUPLICATE_METHOD_MATCH = YES;
				COPY_PHASE_STRIP = NO;
				DEBUG_INFORMATION_FORMAT = "dwarf-with-dsym";
				ENABLE_NS_ASSERTIONS = NO;
				ENABLE_STRICT_OBJC_MSGSEND = YES;
				GCC_C_LANGUAGE_STANDARD = gnu11;
				GCC_NO_COMMON_BLOCKS = YES;
				GCC_WARN_64_TO_32_BIT_CONVERSION = YES;
				GCC_WARN_ABOUT_RETURN_TYPE = YES_ERROR;
				GCC_WARN_UNDECLARED_SELECTOR = YES;
				GCC_WARN_UNINITIALIZED_AUTOS = YES_AGGRESSIVE;
				GCC_WARN_UNUSED_FUNCTION = YES;
				GCC_WARN_UNUSED_VARIABLE = YES;
				IPHONEOS_DEPLOYMENT_TARGET = 15.0;
				MTL_ENABLE_DEBUG_INFO = NO;
				MTL_FAST_MATH = YES;
				SDKROOT = iphoneos;
				SWIFT_COMPILATION_MODE = wholemodule;
				SWIFT_OPTIMIZATION_LEVEL = "-O";
				VALIDATE_PRODUCT = YES;
			};
			name = Release;
		};
		1C11099127E26E49002F6588 /* Debug */ = {
			isa = XCBuildConfiguration;
			buildSettings = {
				ASSETCATALOG_COMPILER_APPICON_NAME = AppIcon;
				ASSETCATALOG_COMPILER_GLOBAL_ACCENT_COLOR_NAME = AccentColor;
				CODE_SIGN_STYLE = Automatic;
				CURRENT_PROJECT_VERSION = 1;
				DEVELOPMENT_TEAM = 6RC2G4MTCN;
				GENERATE_INFOPLIST_FILE = YES;
				INFOPLIST_FILE = PhotoDL/Info.plist;
				INFOPLIST_KEY_UIApplicationSupportsIndirectInputEvents = YES;
				INFOPLIST_KEY_UILaunchStoryboardName = LaunchScreen;
				INFOPLIST_KEY_UIMainStoryboardFile = Main;
				INFOPLIST_KEY_UISupportedInterfaceOrientations_iPad = "UIInterfaceOrientationPortrait UIInterfaceOrientationPortraitUpsideDown UIInterfaceOrientationLandscapeLeft UIInterfaceOrientationLandscapeRight";
				INFOPLIST_KEY_UISupportedInterfaceOrientations_iPhone = "UIInterfaceOrientationPortrait UIInterfaceOrientationLandscapeLeft UIInterfaceOrientationLandscapeRight";
				LD_RUNPATH_SEARCH_PATHS = (
					"$(inherited)",
					"@executable_path/Frameworks",
				);
				MARKETING_VERSION = 1.0;
				PRODUCT_BUNDLE_IDENTIFIER = com.homayun.photolode;
				PRODUCT_NAME = "$(TARGET_NAME)";
				SWIFT_EMIT_LOC_STRINGS = YES;
				SWIFT_VERSION = 5.0;
				TARGETED_DEVICE_FAMILY = "1,2";
			};
			name = Debug;
		};
		1C11099227E26E49002F6588 /* Release */ = {
			isa = XCBuildConfiguration;
			buildSettings = {
				ASSETCATALOG_COMPILER_APPICON_NAME = AppIcon;
				ASSETCATALOG_COMPILER_GLOBAL_ACCENT_COLOR_NAME = AccentColor;
				CODE_SIGN_STYLE = Automatic;
				CURRENT_PROJECT_VERSION = 1;
				DEVELOPMENT_TEAM = 6RC2G4MTCN;
				GENERATE_INFOPLIST_FILE = YES;
				INFOPLIST_FILE = PhotoDL/Info.plist;
				INFOPLIST_KEY_UIApplicationSupportsIndirectInputEvents = YES;
				INFOPLIST_KEY_UILaunchStoryboardName = LaunchScreen;
				INFOPLIST_KEY_UIMainStoryboardFile = Main;
				INFOPLIST_KEY_UISupportedInterfaceOrientations_iPad = "UIInterfaceOrientationPortrait UIInterfaceOrientationPortraitUpsideDown UIInterfaceOrientationLandscapeLeft UIInterfaceOrientationLandscapeRight";
				INFOPLIST_KEY_UISupportedInterfaceOrientations_iPhone = "UIInterfaceOrientationPortrait UIInterfaceOrientationLandscapeLeft UIInterfaceOrientationLandscapeRight";
				LD_RUNPATH_SEARCH_PATHS = (
					"$(inherited)",
					"@executable_path/Frameworks",
				);
				MARKETING_VERSION = 1.0;
				PRODUCT_BUNDLE_IDENTIFIER = com.homayun.photolode;
				PRODUCT_NAME = "$(TARGET_NAME)";
				SWIFT_EMIT_LOC_STRINGS = YES;
				SWIFT_VERSION = 5.0;
				TARGETED_DEVICE_FAMILY = "1,2";
			};
			name = Release;
		};
		1C1109A627E26EF7002F6588 /* Debug */ = {
			isa = XCBuildConfiguration;
			buildSettings = {
				BUNDLE_LOADER = "$(TEST_HOST)";
				CLANG_ENABLE_MODULES = YES;
				CODE_SIGN_STYLE = Automatic;
				CURRENT_PROJECT_VERSION = 1;
				DEVELOPMENT_TEAM = 6RC2G4MTCN;
				GENERATE_INFOPLIST_FILE = YES;
				LD_RUNPATH_SEARCH_PATHS = (
					"$(inherited)",
					"@executable_path/Frameworks",
					"@loader_path/Frameworks",
				);
				MARKETING_VERSION = 1.0;
				PRODUCT_BUNDLE_IDENTIFIER = com.homayun..PhotoDLTests;
				PRODUCT_NAME = "$(TARGET_NAME)";
				SWIFT_EMIT_LOC_STRINGS = NO;
				SWIFT_OBJC_BRIDGING_HEADER = "PhotoDLTests/PhotoDLTests-Bridging-Header.h";
				SWIFT_OPTIMIZATION_LEVEL = "-Onone";
				SWIFT_VERSION = 5.0;
				TARGETED_DEVICE_FAMILY = "1,2";
				TEST_HOST = "$(BUILT_PRODUCTS_DIR)/PhotoDL.app/PhotoDL";
			};
			name = Debug;
		};
		1C1109A727E26EF7002F6588 /* Release */ = {
			isa = XCBuildConfiguration;
			buildSettings = {
				BUNDLE_LOADER = "$(TEST_HOST)";
				CLANG_ENABLE_MODULES = YES;
				CODE_SIGN_STYLE = Automatic;
				CURRENT_PROJECT_VERSION = 1;
				DEVELOPMENT_TEAM = 6RC2G4MTCN;
				GENERATE_INFOPLIST_FILE = YES;
				LD_RUNPATH_SEARCH_PATHS = (
					"$(inherited)",
					"@executable_path/Frameworks",
					"@loader_path/Frameworks",
				);
				MARKETING_VERSION = 1.0;
				PRODUCT_BUNDLE_IDENTIFIER = com.homayun..PhotoDLTests;
				PRODUCT_NAME = "$(TARGET_NAME)";
				SWIFT_EMIT_LOC_STRINGS = NO;
				SWIFT_OBJC_BRIDGING_HEADER = "PhotoDLTests/PhotoDLTests-Bridging-Header.h";
				SWIFT_VERSION = 5.0;
				TARGETED_DEVICE_FAMILY = "1,2";
				TEST_HOST = "$(BUILT_PRODUCTS_DIR)/PhotoDL.app/PhotoDL";
			};
			name = Release;
		};
/* End XCBuildConfiguration section */

/* Begin XCConfigurationList section */
		1C11097727E26E3C002F6588 /* Build configuration list for PBXProject "PhotoDL" */ = {
			isa = XCConfigurationList;
			buildConfigurations = (
				1C11098E27E26E49002F6588 /* Debug */,
				1C11098F27E26E49002F6588 /* Release */,
			);
			defaultConfigurationIsVisible = 0;
			defaultConfigurationName = Release;
		};
		1C11099027E26E49002F6588 /* Build configuration list for PBXNativeTarget "PhotoDL" */ = {
			isa = XCConfigurationList;
			buildConfigurations = (
				1C11099127E26E49002F6588 /* Debug */,
				1C11099227E26E49002F6588 /* Release */,
			);
			defaultConfigurationIsVisible = 0;
			defaultConfigurationName = Release;
		};
		1C1109A527E26EF7002F6588 /* Build configuration list for PBXNativeTarget "PhotoDLTests" */ = {
			isa = XCConfigurationList;
			buildConfigurations = (
				1C1109A627E26EF7002F6588 /* Debug */,
				1C1109A727E26EF7002F6588 /* Release */,
			);
			defaultConfigurationIsVisible = 0;
			defaultConfigurationName = Release;
		};
/* End XCConfigurationList section */
	};
	rootObject = 1C11097427E26E3C002F6588 /* Project object */;
}
